
Microsoft Visual Studio Solution File, Format Version 12.00
# Visual Studio 14
VisualStudioVersion = 14.0.23107.0
MinimumVisualStudioVersion = 10.0.40219.1
Project("{FAE04EC0-301F-11D3-BF4B-00C04F79EFBC}") = "TestTools", "TestTools\TestTools.csproj", "{E5B31B43-2560-4E2C-A872-0535FCDACDBC}"
EndProject
Project("{2150E333-8FDC-42A3-9474-1A3956D46DE8}") = "Common", "Common", "{43E102DF-4684-42A4-9580-990DD615AA1D}"
EndProject
Project("{FAE04EC0-301F-11D3-BF4B-00C04F79EFBC}") = "Log", "Common\Log\Log.csproj", "{9D48EC3E-78EA-4B06-BCE7-EC15E8CF835E}"
EndProject
Project("{FAE04EC0-301F-11D3-BF4B-00C04F79EFBC}") = "Communication", "Common\Communication\Communication.csproj", "{974A81C1-AB2A-4AED-96C4-FF6559E68BB4}"
EndProject
Project("{FAE04EC0-301F-11D3-BF4B-00C04F79EFBC}") = "Time", "Common\Time\Time.csproj", "{BABF6676-7139-467E-A2CB-2115D48F910A}"
EndProject
Project("{FAE04EC0-301F-11D3-BF4B-00C04F79EFBC}") = "Util", "Common\Util\Util.csproj", "{43004EBA-A955-4211-B1F7-5D519F1212C2}"
EndProject
Project("{FAE04EC0-301F-11D3-BF4B-00C04F79EFBC}") = "XmlDataParser", "Common\XmlDataProperty\XmlDataParser.csproj", "{4B80D34A-5086-4555-BE3A-1280C44398D2}"
EndProject
Project("{FAE04EC0-301F-11D3-BF4B-00C04F79EFBC}") = "DataObject", "Common\DataObject\DataObject.csproj", "{227B97ED-2E33-4681-9EF1-CCE15E4E1C23}"
EndProject
Project("{2150E333-8FDC-42A3-9474-1A3956D46DE8}") = "ProtocolTestTool", "ProtocolTestTool", "{5C9307CD-F946-44D2-B3D1-3E0424FD933F}"
EndProject
Project("{FAE04EC0-301F-11D3-BF4B-00C04F79EFBC}") = "ProtoParser", "ProtocolTestTool\ProtoParser\ProtoParser.csproj", "{C8D05525-7111-48E0-A844-1AE290079192}"
EndProject
Project("{FAE04EC0-301F-11D3-BF4B-00C04F79EFBC}") = "ProtoSendLib", "ProtocolTestTool\ProtoSendLib\ProtoSendLib.csproj", "{342BBF11-F46A-40FB-9EE5-4BF527C7D098}"
EndProject
Project("{FAE04EC0-301F-11D3-BF4B-00C04F79EFBC}") = "ProtoParserLib", "ProtocolTestTool\ProtoParserLib\ProtoParserLib.csproj", "{F0467443-A85B-4D51-A75F-FD7819D28926}"
EndProject
Project("{FAE04EC0-301F-11D3-BF4B-00C04F79EFBC}") = "ProtoSendTool", "ProtocolTestTool\ProtoSendTool\ProtoSendTool.csproj", "{74D5022D-1A3E-4308-A239-984D8E4300DF}"
EndProject
Project("{FAE04EC0-301F-11D3-BF4B-00C04F79EFBC}") = "ProtocolCodec", "ProtocolTestTool\ProtocolCodec\ProtocolCodec.csproj", "{07949BFD-8020-4B8B-9B05-86B67CF9C832}"
EndProject
Project("{2150E333-8FDC-42A3-9474-1A3956D46DE8}") = "GameInfo", "GameInfo", "{C8CEBC6E-0EA4-45D1-9C75-CB2DC3691E6F}"
EndProject
Project("{FAE04EC0-301F-11D3-BF4B-00C04F79EFBC}") = "PlayerInfoLib", "GameInfo\PlayerInfoLib\PlayerInfoLib.csproj", "{3FC51684-16B5-4E31-9629-AC601135A930}"
EndProject
Project("{FAE04EC0-301F-11D3-BF4B-00C04F79EFBC}") = "ClientProtocolLib", "ProtocolTestTool\ClientProtocolLib\ClientProtocolLib.csproj", "{AAF6FE41-E2FF-49BE-9AAC-61929C8C1DD9}"
EndProject
Global
	GlobalSection(SolutionConfigurationPlatforms) = preSolution
		Debug|Any CPU = Debug|Any CPU
		Release|Any CPU = Release|Any CPU
	EndGlobalSection
	GlobalSection(ProjectConfigurationPlatforms) = postSolution
		{E5B31B43-2560-4E2C-A872-0535FCDACDBC}.Debug|Any CPU.ActiveCfg = Debug|Any CPU
		{E5B31B43-2560-4E2C-A872-0535FCDACDBC}.Debug|Any CPU.Build.0 = Debug|Any CPU
		{E5B31B43-2560-4E2C-A872-0535FCDACDBC}.Release|Any CPU.ActiveCfg = Release|Any CPU
		{E5B31B43-2560-4E2C-A872-0535FCDACDBC}.Release|Any CPU.Build.0 = Release|Any CPU
		{9D48EC3E-78EA-4B06-BCE7-EC15E8CF835E}.Debug|Any CPU.ActiveCfg = Debug|Any CPU
		{9D48EC3E-78EA-4B06-BCE7-EC15E8CF835E}.Debug|Any CPU.Build.0 = Debug|Any CPU
		{9D48EC3E-78EA-4B06-BCE7-EC15E8CF835E}.Release|Any CPU.ActiveCfg = Release|Any CPU
		{9D48EC3E-78EA-4B06-BCE7-EC15E8CF835E}.Release|Any CPU.Build.0 = Release|Any CPU
		{974A81C1-AB2A-4AED-96C4-FF6559E68BB4}.Debug|Any CPU.ActiveCfg = Debug|Any CPU
		{974A81C1-AB2A-4AED-96C4-FF6559E68BB4}.Debug|Any CPU.Build.0 = Debug|Any CPU
		{974A81C1-AB2A-4AED-96C4-FF6559E68BB4}.Release|Any CPU.ActiveCfg = Release|Any CPU
		{974A81C1-AB2A-4AED-96C4-FF6559E68BB4}.Release|Any CPU.Build.0 = Release|Any CPU
		{BABF6676-7139-467E-A2CB-2115D48F910A}.Debug|Any CPU.ActiveCfg = Debug|Any CPU
		{BABF6676-7139-467E-A2CB-2115D48F910A}.Debug|Any CPU.Build.0 = Debug|Any CPU
		{BABF6676-7139-467E-A2CB-2115D48F910A}.Release|Any CPU.ActiveCfg = Release|Any CPU
		{BABF6676-7139-467E-A2CB-2115D48F910A}.Release|Any CPU.Build.0 = Release|Any CPU
		{43004EBA-A955-4211-B1F7-5D519F1212C2}.Debug|Any CPU.ActiveCfg = Debug|Any CPU
		{43004EBA-A955-4211-B1F7-5D519F1212C2}.Debug|Any CPU.Build.0 = Debug|Any CPU
		{43004EBA-A955-4211-B1F7-5D519F1212C2}.Release|Any CPU.ActiveCfg = Release|Any CPU
		{43004EBA-A955-4211-B1F7-5D519F1212C2}.Release|Any CPU.Build.0 = Release|Any CPU
		{4B80D34A-5086-4555-BE3A-1280C44398D2}.Debug|Any CPU.ActiveCfg = Debug|Any CPU
		{4B80D34A-5086-4555-BE3A-1280C44398D2}.Debug|Any CPU.Build.0 = Debug|Any CPU
		{4B80D34A-5086-4555-BE3A-1280C44398D2}.Release|Any CPU.ActiveCfg = Release|Any CPU
		{4B80D34A-5086-4555-BE3A-1280C44398D2}.Release|Any CPU.Build.0 = Release|Any CPU
		{227B97ED-2E33-4681-9EF1-CCE15E4E1C23}.Debug|Any CPU.ActiveCfg = Debug|Any CPU
		{227B97ED-2E33-4681-9EF1-CCE15E4E1C23}.Debug|Any CPU.Build.0 = Debug|Any CPU
		{227B97ED-2E33-4681-9EF1-CCE15E4E1C23}.Release|Any CPU.ActiveCfg = Release|Any CPU
		{227B97ED-2E33-4681-9EF1-CCE15E4E1C23}.Release|Any CPU.Build.0 = Release|Any CPU
		{C8D05525-7111-48E0-A844-1AE290079192}.Debug|Any CPU.ActiveCfg = Debug|Any CPU
		{C8D05525-7111-48E0-A844-1AE290079192}.Debug|Any CPU.Build.0 = Debug|Any CPU
		{C8D05525-7111-48E0-A844-1AE290079192}.Release|Any CPU.ActiveCfg = Release|Any CPU
		{C8D05525-7111-48E0-A844-1AE290079192}.Release|Any CPU.Build.0 = Release|Any CPU
		{342BBF11-F46A-40FB-9EE5-4BF527C7D098}.Debug|Any CPU.ActiveCfg = Debug|Any CPU
		{342BBF11-F46A-40FB-9EE5-4BF527C7D098}.Debug|Any CPU.Build.0 = Debug|Any CPU
		{342BBF11-F46A-40FB-9EE5-4BF527C7D098}.Release|Any CPU.ActiveCfg = Release|Any CPU
		{342BBF11-F46A-40FB-9EE5-4BF527C7D098}.Release|Any CPU.Build.0 = Release|Any CPU
		{F0467443-A85B-4D51-A75F-FD7819D28926}.Debug|Any CPU.ActiveCfg = Debug|Any CPU
		{F0467443-A85B-4D51-A75F-FD7819D28926}.Debug|Any CPU.Build.0 = Debug|Any CPU
		{F0467443-A85B-4D51-A75F-FD7819D28926}.Release|Any CPU.ActiveCfg = Release|Any CPU
		{F0467443-A85B-4D51-A75F-FD7819D28926}.Release|Any CPU.Build.0 = Release|Any CPU
		{74D5022D-1A3E-4308-A239-984D8E4300DF}.Debug|Any CPU.ActiveCfg = Debug|Any CPU
		{74D5022D-1A3E-4308-A239-984D8E4300DF}.Debug|Any CPU.Build.0 = Debug|Any CPU
		{74D5022D-1A3E-4308-A239-984D8E4300DF}.Release|Any CPU.ActiveCfg = Release|Any CPU
		{74D5022D-1A3E-4308-A239-984D8E4300DF}.Release|Any CPU.Build.0 = Release|Any CPU
		{07949BFD-8020-4B8B-9B05-86B67CF9C832}.Debug|Any CPU.ActiveCfg = Debug|Any CPU
		{07949BFD-8020-4B8B-9B05-86B67CF9C832}.Debug|Any CPU.Build.0 = Debug|Any CPU
		{07949BFD-8020-4B8B-9B05-86B67CF9C832}.Release|Any CPU.ActiveCfg = Release|Any CPU
		{07949BFD-8020-4B8B-9B05-86B67CF9C832}.Release|Any CPU.Build.0 = Release|Any CPU
		{3FC51684-16B5-4E31-9629-AC601135A930}.Debug|Any CPU.ActiveCfg = Debug|Any CPU
		{3FC51684-16B5-4E31-9629-AC601135A930}.Debug|Any CPU.Build.0 = Debug|Any CPU
		{3FC51684-16B5-4E31-9629-AC601135A930}.Release|Any CPU.ActiveCfg = Release|Any CPU
		{3FC51684-16B5-4E31-9629-AC601135A930}.Release|Any CPU.Build.0 = Release|Any CPU
		{AAF6FE41-E2FF-49BE-9AAC-61929C8C1DD9}.Debug|Any CPU.ActiveCfg = Debug|Any CPU
		{AAF6FE41-E2FF-49BE-9AAC-61929C8C1DD9}.Debug|Any CPU.Build.0 = Debug|Any CPU
		{AAF6FE41-E2FF-49BE-9AAC-61929C8C1DD9}.Release|Any CPU.ActiveCfg = Release|Any CPU
		{AAF6FE41-E2FF-49BE-9AAC-61929C8C1DD9}.Release|Any CPU.Build.0 = Release|Any CPU
	EndGlobalSection
	GlobalSection(SolutionProperties) = preSolution
		HideSolutionNode = FALSE
	EndGlobalSection
	GlobalSection(NestedProjects) = preSolution
		{9D48EC3E-78EA-4B06-BCE7-EC15E8CF835E} = {43E102DF-4684-42A4-9580-990DD615AA1D}
		{974A81C1-AB2A-4AED-96C4-FF6559E68BB4} = {43E102DF-4684-42A4-9580-990DD615AA1D}
		{BABF6676-7139-467E-A2CB-2115D48F910A} = {43E102DF-4684-42A4-9580-990DD615AA1D}
		{43004EBA-A955-4211-B1F7-5D519F1212C2} = {43E102DF-4684-42A4-9580-990DD615AA1D}
		{4B80D34A-5086-4555-BE3A-1280C44398D2} = {43E102DF-4684-42A4-9580-990DD615AA1D}
		{227B97ED-2E33-4681-9EF1-CCE15E4E1C23} = {43E102DF-4684-42A4-9580-990DD615AA1D}
		{C8D05525-7111-48E0-A844-1AE290079192} = {5C9307CD-F946-44D2-B3D1-3E0424FD933F}
		{342BBF11-F46A-40FB-9EE5-4BF527C7D098} = {5C9307CD-F946-44D2-B3D1-3E0424FD933F}
		{F0467443-A85B-4D51-A75F-FD7819D28926} = {5C9307CD-F946-44D2-B3D1-3E0424FD933F}
		{74D5022D-1A3E-4308-A239-984D8E4300DF} = {5C9307CD-F946-44D2-B3D1-3E0424FD933F}
		{07949BFD-8020-4B8B-9B05-86B67CF9C832} = {5C9307CD-F946-44D2-B3D1-3E0424FD933F}
		{3FC51684-16B5-4E31-9629-AC601135A930} = {C8CEBC6E-0EA4-45D1-9C75-CB2DC3691E6F}
		{AAF6FE41-E2FF-49BE-9AAC-61929C8C1DD9} = {5C9307CD-F946-44D2-B3D1-3E0424FD933F}
	EndGlobalSection
EndGlobal
