
Microsoft Visual Studio Solution File, Format Version 12.00
# Visual Studio 15
VisualStudioVersion = 15.0.28307.489
MinimumVisualStudioVersion = 10.0.40219.1
Project("{FAE04EC0-301F-11D3-BF4B-00C04F79EFBC}") = "ProtocolSendTool", "ProtocolSendTool\ProtocolSendTool.csproj", "{CA6B7C70-1E9A-4704-AD38-3DAC28BA20B7}"
EndProject
Project("{FAE04EC0-301F-11D3-BF4B-00C04F79EFBC}") = "ProtocolSendToolLib", "ProtocolSendToolLib\ProtocolSendToolLib.csproj", "{D24579D4-BB5B-46B6-8749-DA2FF14CA8FB}"
EndProject
Project("{FAE04EC0-301F-11D3-BF4B-00C04F79EFBC}") = "CommunicationLibrary", "..\CommonLibrarys\CommunicationLibrary\CommunicationLibrary.csproj", "{974A81C1-AB2A-4AED-96C4-FF6559E68BB4}"
EndProject
Project("{FAE04EC0-301F-11D3-BF4B-00C04F79EFBC}") = "NetPacketLib", "..\NetPacketLib\NetPacketLib.csproj", "{C019327B-0448-40F0-8DB8-6CD9EE8554F6}"
EndProject
Project("{FAE04EC0-301F-11D3-BF4B-00C04F79EFBC}") = "ModelLibrary", "..\CommonLibrarys\ModelLibrary\ModelLibrary.csproj", "{EA52600B-973E-48C6-9FE3-43DB80F4F63D}"
EndProject
Project("{FAE04EC0-301F-11D3-BF4B-00C04F79EFBC}") = "XmlDataPropertyLibrary", "..\CommonLibrarys\XmlDataPropertyLibrary\XmlDataPropertyLibrary.csproj", "{4B80D34A-5086-4555-BE3A-1280C44398D2}"
EndProject
Project("{2150E333-8FDC-42A3-9474-1A3956D46DE8}") = "CommonLib", "CommonLib", "{2AB03021-73AF-4537-9A69-FCDFE00C9EE6}"
EndProject
Project("{2150E333-8FDC-42A3-9474-1A3956D46DE8}") = "ProtocolParserLib", "ProtocolParserLib", "{55FA653D-C3CE-4FF5-9BF5-17A6AB6E1034}"
EndProject
Project("{FAE04EC0-301F-11D3-BF4B-00C04F79EFBC}") = "ProtocolObjectParserLib", "..\ProtocolMethodsMaker\ProtocolObjectParserLib\ProtocolObjectParserLib.csproj", "{CC37A37D-26CB-48A2-A96D-83526242FBA9}"
EndProject
Project("{FAE04EC0-301F-11D3-BF4B-00C04F79EFBC}") = "ProtocolOperationLib", "..\ProtocolMethodsMaker\ProtocolOperationLib\ProtocolOperationLib.csproj", "{6A698C7C-EE1D-420E-AC65-EE5D4C699A86}"
EndProject
Project("{FAE04EC0-301F-11D3-BF4B-00C04F79EFBC}") = "UtilityLibrary", "..\CommonLibrarys\UtilityLibrary\UtilityLibrary.csproj", "{43004EBA-A955-4211-B1F7-5D519F1212C2}"
EndProject
Project("{FAE04EC0-301F-11D3-BF4B-00C04F79EFBC}") = "GameObjectLib", "..\GameObjectLib\GameObjectLib.csproj", "{F1D31DC0-9BFF-4AEF-85B0-16A930BE3D19}"
EndProject
Project("{FAE04EC0-301F-11D3-BF4B-00C04F79EFBC}") = "ProtocolObjectLib", "..\ProtocolMethodsMaker\bin\Code\ProtocolObjectLib\ProtocolObjectLib.csproj", "{E549F63F-393C-421A-A6A1-0F6E19545D61}"
EndProject
Project("{FAE04EC0-301F-11D3-BF4B-00C04F79EFBC}") = "ProtocolCatchMsgLogLib", "..\ProtocolMethodsMaker\ProtocolCatchMsgLogLib\ProtocolCatchMsgLogLib.csproj", "{F5BE3261-259D-44FE-8E1C-A279D9B5F7E7}"
EndProject
Project("{FAE04EC0-301F-11D3-BF4B-00C04F79EFBC}") = "TestClient", "TestClient\TestClient.csproj", "{95018C2E-1815-44AD-89E1-02B79D499002}"
EndProject
Project("{FAE04EC0-301F-11D3-BF4B-00C04F79EFBC}") = "MessagePacker", "..\MessagePacker\MessagePacker.csproj", "{9E3668EA-9F3D-4786-B165-6EE10DF7BD12}"
EndProject
Project("{FAE04EC0-301F-11D3-BF4B-00C04F79EFBC}") = "CryptoUtility", "..\CryptoUtility\CryptoUtility.csproj", "{320A44A4-CE5A-40CB-B3BD-54CFA954280A}"
EndProject
Project("{FAE04EC0-301F-11D3-BF4B-00C04F79EFBC}") = "Logger", "..\Logger\Logger.csproj", "{4A3F1BDC-5897-4A06-A348-84587BD74A3E}"
EndProject
Global
	GlobalSection(SolutionConfigurationPlatforms) = preSolution
		Debug|Any CPU = Debug|Any CPU
		Release|Any CPU = Release|Any CPU
		x64|Any CPU = x64|Any CPU
	EndGlobalSection
	GlobalSection(ProjectConfigurationPlatforms) = postSolution
		{CA6B7C70-1E9A-4704-AD38-3DAC28BA20B7}.Debug|Any CPU.ActiveCfg = Debug|Any CPU
		{CA6B7C70-1E9A-4704-AD38-3DAC28BA20B7}.Debug|Any CPU.Build.0 = Debug|Any CPU
		{CA6B7C70-1E9A-4704-AD38-3DAC28BA20B7}.Release|Any CPU.ActiveCfg = Release|Any CPU
		{CA6B7C70-1E9A-4704-AD38-3DAC28BA20B7}.Release|Any CPU.Build.0 = Release|Any CPU
		{CA6B7C70-1E9A-4704-AD38-3DAC28BA20B7}.x64|Any CPU.ActiveCfg = Release|Any CPU
		{CA6B7C70-1E9A-4704-AD38-3DAC28BA20B7}.x64|Any CPU.Build.0 = Release|Any CPU
		{D24579D4-BB5B-46B6-8749-DA2FF14CA8FB}.Debug|Any CPU.ActiveCfg = Debug|Any CPU
		{D24579D4-BB5B-46B6-8749-DA2FF14CA8FB}.Debug|Any CPU.Build.0 = Debug|Any CPU
		{D24579D4-BB5B-46B6-8749-DA2FF14CA8FB}.Release|Any CPU.ActiveCfg = Release|Any CPU
		{D24579D4-BB5B-46B6-8749-DA2FF14CA8FB}.Release|Any CPU.Build.0 = Release|Any CPU
		{D24579D4-BB5B-46B6-8749-DA2FF14CA8FB}.x64|Any CPU.ActiveCfg = Release|Any CPU
		{D24579D4-BB5B-46B6-8749-DA2FF14CA8FB}.x64|Any CPU.Build.0 = Release|Any CPU
		{974A81C1-AB2A-4AED-96C4-FF6559E68BB4}.Debug|Any CPU.ActiveCfg = Debug|Any CPU
		{974A81C1-AB2A-4AED-96C4-FF6559E68BB4}.Debug|Any CPU.Build.0 = Debug|Any CPU
		{974A81C1-AB2A-4AED-96C4-FF6559E68BB4}.Release|Any CPU.ActiveCfg = Release|Any CPU
		{974A81C1-AB2A-4AED-96C4-FF6559E68BB4}.Release|Any CPU.Build.0 = Release|Any CPU
		{974A81C1-AB2A-4AED-96C4-FF6559E68BB4}.x64|Any CPU.ActiveCfg = Release|Any CPU
		{974A81C1-AB2A-4AED-96C4-FF6559E68BB4}.x64|Any CPU.Build.0 = Release|Any CPU
		{C019327B-0448-40F0-8DB8-6CD9EE8554F6}.Debug|Any CPU.ActiveCfg = Debug|Any CPU
		{C019327B-0448-40F0-8DB8-6CD9EE8554F6}.Debug|Any CPU.Build.0 = Debug|Any CPU
		{C019327B-0448-40F0-8DB8-6CD9EE8554F6}.Release|Any CPU.ActiveCfg = Release|Any CPU
		{C019327B-0448-40F0-8DB8-6CD9EE8554F6}.Release|Any CPU.Build.0 = Release|Any CPU
		{C019327B-0448-40F0-8DB8-6CD9EE8554F6}.x64|Any CPU.ActiveCfg = Release|Any CPU
		{C019327B-0448-40F0-8DB8-6CD9EE8554F6}.x64|Any CPU.Build.0 = Release|Any CPU
		{EA52600B-973E-48C6-9FE3-43DB80F4F63D}.Debug|Any CPU.ActiveCfg = Debug|Any CPU
		{EA52600B-973E-48C6-9FE3-43DB80F4F63D}.Debug|Any CPU.Build.0 = Debug|Any CPU
		{EA52600B-973E-48C6-9FE3-43DB80F4F63D}.Release|Any CPU.ActiveCfg = Release|Any CPU
		{EA52600B-973E-48C6-9FE3-43DB80F4F63D}.Release|Any CPU.Build.0 = Release|Any CPU
		{EA52600B-973E-48C6-9FE3-43DB80F4F63D}.x64|Any CPU.ActiveCfg = Release|Any CPU
		{EA52600B-973E-48C6-9FE3-43DB80F4F63D}.x64|Any CPU.Build.0 = Release|Any CPU
		{4B80D34A-5086-4555-BE3A-1280C44398D2}.Debug|Any CPU.ActiveCfg = Debug|Any CPU
		{4B80D34A-5086-4555-BE3A-1280C44398D2}.Debug|Any CPU.Build.0 = Debug|Any CPU
		{4B80D34A-5086-4555-BE3A-1280C44398D2}.Release|Any CPU.ActiveCfg = Release|Any CPU
		{4B80D34A-5086-4555-BE3A-1280C44398D2}.Release|Any CPU.Build.0 = Release|Any CPU
		{4B80D34A-5086-4555-BE3A-1280C44398D2}.x64|Any CPU.ActiveCfg = Release|Any CPU
		{4B80D34A-5086-4555-BE3A-1280C44398D2}.x64|Any CPU.Build.0 = Release|Any CPU
		{CC37A37D-26CB-48A2-A96D-83526242FBA9}.Debug|Any CPU.ActiveCfg = Debug|Any CPU
		{CC37A37D-26CB-48A2-A96D-83526242FBA9}.Debug|Any CPU.Build.0 = Debug|Any CPU
		{CC37A37D-26CB-48A2-A96D-83526242FBA9}.Release|Any CPU.ActiveCfg = Release|Any CPU
		{CC37A37D-26CB-48A2-A96D-83526242FBA9}.Release|Any CPU.Build.0 = Release|Any CPU
		{CC37A37D-26CB-48A2-A96D-83526242FBA9}.x64|Any CPU.ActiveCfg = Release|Any CPU
		{CC37A37D-26CB-48A2-A96D-83526242FBA9}.x64|Any CPU.Build.0 = Release|Any CPU
		{6A698C7C-EE1D-420E-AC65-EE5D4C699A86}.Debug|Any CPU.ActiveCfg = Debug|Any CPU
		{6A698C7C-EE1D-420E-AC65-EE5D4C699A86}.Debug|Any CPU.Build.0 = Debug|Any CPU
		{6A698C7C-EE1D-420E-AC65-EE5D4C699A86}.Release|Any CPU.ActiveCfg = Release|Any CPU
		{6A698C7C-EE1D-420E-AC65-EE5D4C699A86}.Release|Any CPU.Build.0 = Release|Any CPU
		{6A698C7C-EE1D-420E-AC65-EE5D4C699A86}.x64|Any CPU.ActiveCfg = Release|Any CPU
		{6A698C7C-EE1D-420E-AC65-EE5D4C699A86}.x64|Any CPU.Build.0 = Release|Any CPU
		{43004EBA-A955-4211-B1F7-5D519F1212C2}.Debug|Any CPU.ActiveCfg = Debug|Any CPU
		{43004EBA-A955-4211-B1F7-5D519F1212C2}.Debug|Any CPU.Build.0 = Debug|Any CPU
		{43004EBA-A955-4211-B1F7-5D519F1212C2}.Release|Any CPU.ActiveCfg = Release|Any CPU
		{43004EBA-A955-4211-B1F7-5D519F1212C2}.Release|Any CPU.Build.0 = Release|Any CPU
		{43004EBA-A955-4211-B1F7-5D519F1212C2}.x64|Any CPU.ActiveCfg = Release|Any CPU
		{43004EBA-A955-4211-B1F7-5D519F1212C2}.x64|Any CPU.Build.0 = Release|Any CPU
		{F1D31DC0-9BFF-4AEF-85B0-16A930BE3D19}.Debug|Any CPU.ActiveCfg = Debug|Any CPU
		{F1D31DC0-9BFF-4AEF-85B0-16A930BE3D19}.Debug|Any CPU.Build.0 = Debug|Any CPU
		{F1D31DC0-9BFF-4AEF-85B0-16A930BE3D19}.Release|Any CPU.ActiveCfg = Release|Any CPU
		{F1D31DC0-9BFF-4AEF-85B0-16A930BE3D19}.Release|Any CPU.Build.0 = Release|Any CPU
		{F1D31DC0-9BFF-4AEF-85B0-16A930BE3D19}.x64|Any CPU.ActiveCfg = Release|Any CPU
		{F1D31DC0-9BFF-4AEF-85B0-16A930BE3D19}.x64|Any CPU.Build.0 = Release|Any CPU
		{E549F63F-393C-421A-A6A1-0F6E19545D61}.Debug|Any CPU.ActiveCfg = Debug|Any CPU
		{E549F63F-393C-421A-A6A1-0F6E19545D61}.Debug|Any CPU.Build.0 = Debug|Any CPU
		{E549F63F-393C-421A-A6A1-0F6E19545D61}.Release|Any CPU.ActiveCfg = Release|Any CPU
		{E549F63F-393C-421A-A6A1-0F6E19545D61}.Release|Any CPU.Build.0 = Release|Any CPU
		{E549F63F-393C-421A-A6A1-0F6E19545D61}.x64|Any CPU.ActiveCfg = Release|Any CPU
		{E549F63F-393C-421A-A6A1-0F6E19545D61}.x64|Any CPU.Build.0 = Release|Any CPU
		{F5BE3261-259D-44FE-8E1C-A279D9B5F7E7}.Debug|Any CPU.ActiveCfg = Debug|Any CPU
		{F5BE3261-259D-44FE-8E1C-A279D9B5F7E7}.Debug|Any CPU.Build.0 = Debug|Any CPU
		{F5BE3261-259D-44FE-8E1C-A279D9B5F7E7}.Release|Any CPU.ActiveCfg = Release|Any CPU
		{F5BE3261-259D-44FE-8E1C-A279D9B5F7E7}.Release|Any CPU.Build.0 = Release|Any CPU
		{F5BE3261-259D-44FE-8E1C-A279D9B5F7E7}.x64|Any CPU.ActiveCfg = Release|Any CPU
		{F5BE3261-259D-44FE-8E1C-A279D9B5F7E7}.x64|Any CPU.Build.0 = Release|Any CPU
		{95018C2E-1815-44AD-89E1-02B79D499002}.Debug|Any CPU.ActiveCfg = Debug|Any CPU
		{95018C2E-1815-44AD-89E1-02B79D499002}.Debug|Any CPU.Build.0 = Debug|Any CPU
		{95018C2E-1815-44AD-89E1-02B79D499002}.Release|Any CPU.ActiveCfg = Release|Any CPU
		{95018C2E-1815-44AD-89E1-02B79D499002}.Release|Any CPU.Build.0 = Release|Any CPU
		{95018C2E-1815-44AD-89E1-02B79D499002}.x64|Any CPU.ActiveCfg = Release|Any CPU
		{95018C2E-1815-44AD-89E1-02B79D499002}.x64|Any CPU.Build.0 = Release|Any CPU
		{9E3668EA-9F3D-4786-B165-6EE10DF7BD12}.Debug|Any CPU.ActiveCfg = Debug|Any CPU
		{9E3668EA-9F3D-4786-B165-6EE10DF7BD12}.Debug|Any CPU.Build.0 = Debug|Any CPU
		{9E3668EA-9F3D-4786-B165-6EE10DF7BD12}.Release|Any CPU.ActiveCfg = Release|Any CPU
		{9E3668EA-9F3D-4786-B165-6EE10DF7BD12}.Release|Any CPU.Build.0 = Release|Any CPU
		{9E3668EA-9F3D-4786-B165-6EE10DF7BD12}.x64|Any CPU.ActiveCfg = Release|Any CPU
		{9E3668EA-9F3D-4786-B165-6EE10DF7BD12}.x64|Any CPU.Build.0 = Release|Any CPU
		{320A44A4-CE5A-40CB-B3BD-54CFA954280A}.Debug|Any CPU.ActiveCfg = Debug|Any CPU
		{320A44A4-CE5A-40CB-B3BD-54CFA954280A}.Debug|Any CPU.Build.0 = Debug|Any CPU
		{320A44A4-CE5A-40CB-B3BD-54CFA954280A}.Release|Any CPU.ActiveCfg = Release|Any CPU
		{320A44A4-CE5A-40CB-B3BD-54CFA954280A}.Release|Any CPU.Build.0 = Release|Any CPU
		{320A44A4-CE5A-40CB-B3BD-54CFA954280A}.x64|Any CPU.ActiveCfg = x64|Any CPU
		{320A44A4-CE5A-40CB-B3BD-54CFA954280A}.x64|Any CPU.Build.0 = x64|Any CPU
		{4A3F1BDC-5897-4A06-A348-84587BD74A3E}.Debug|Any CPU.ActiveCfg = Debug|Any CPU
		{4A3F1BDC-5897-4A06-A348-84587BD74A3E}.Debug|Any CPU.Build.0 = Debug|Any CPU
		{4A3F1BDC-5897-4A06-A348-84587BD74A3E}.Release|Any CPU.ActiveCfg = Release|Any CPU
		{4A3F1BDC-5897-4A06-A348-84587BD74A3E}.Release|Any CPU.Build.0 = Release|Any CPU
		{4A3F1BDC-5897-4A06-A348-84587BD74A3E}.x64|Any CPU.ActiveCfg = x64|Any CPU
		{4A3F1BDC-5897-4A06-A348-84587BD74A3E}.x64|Any CPU.Build.0 = x64|Any CPU
	EndGlobalSection
	GlobalSection(SolutionProperties) = preSolution
		HideSolutionNode = FALSE
	EndGlobalSection
	GlobalSection(NestedProjects) = preSolution
		{974A81C1-AB2A-4AED-96C4-FF6559E68BB4} = {2AB03021-73AF-4537-9A69-FCDFE00C9EE6}
		{EA52600B-973E-48C6-9FE3-43DB80F4F63D} = {2AB03021-73AF-4537-9A69-FCDFE00C9EE6}
		{4B80D34A-5086-4555-BE3A-1280C44398D2} = {2AB03021-73AF-4537-9A69-FCDFE00C9EE6}
		{CC37A37D-26CB-48A2-A96D-83526242FBA9} = {55FA653D-C3CE-4FF5-9BF5-17A6AB6E1034}
		{6A698C7C-EE1D-420E-AC65-EE5D4C699A86} = {55FA653D-C3CE-4FF5-9BF5-17A6AB6E1034}
		{43004EBA-A955-4211-B1F7-5D519F1212C2} = {2AB03021-73AF-4537-9A69-FCDFE00C9EE6}
		{E549F63F-393C-421A-A6A1-0F6E19545D61} = {55FA653D-C3CE-4FF5-9BF5-17A6AB6E1034}
		{F5BE3261-259D-44FE-8E1C-A279D9B5F7E7} = {55FA653D-C3CE-4FF5-9BF5-17A6AB6E1034}
		{9E3668EA-9F3D-4786-B165-6EE10DF7BD12} = {2AB03021-73AF-4537-9A69-FCDFE00C9EE6}
		{320A44A4-CE5A-40CB-B3BD-54CFA954280A} = {2AB03021-73AF-4537-9A69-FCDFE00C9EE6}
		{4A3F1BDC-5897-4A06-A348-84587BD74A3E} = {2AB03021-73AF-4537-9A69-FCDFE00C9EE6}
	EndGlobalSection
	GlobalSection(ExtensibilityGlobals) = postSolution
		SolutionGuid = {6854833B-FA80-41B0-8384-D16BB135BDF6}
	EndGlobalSection
EndGlobal
