
Microsoft Visual Studio Solution File, Format Version 12.00
# Visual Studio 14
VisualStudioVersion = 14.0.23107.0
MinimumVisualStudioVersion = 10.0.40219.1
Project("{FAE04EC0-301F-11D3-BF4B-00C04F79EFBC}") = "PressureTestTool", "PressureTestTool\PressureTestTool.csproj", "{7F584428-93D1-4B8A-B451-3B7E70915238}"
EndProject
Project("{FAE04EC0-301F-11D3-BF4B-00C04F79EFBC}") = "PressureTestToolLib", "PressureTestToolLib\PressureTestToolLib.csproj", "{76D160F7-5627-40E7-8471-4D91F4CA6292}"
EndProject
Project("{2150E333-8FDC-42A3-9474-1A3956D46DE8}") = "CommonLib", "CommonLib", "{5BDEC9EF-18EE-49CE-8C85-7C385F9C499E}"
EndProject
Project("{FAE04EC0-301F-11D3-BF4B-00C04F79EFBC}") = "CommunicationLibrary", "..\CommonLibrarys\CommunicationLibrary\CommunicationLibrary.csproj", "{974A81C1-AB2A-4AED-96C4-FF6559E68BB4}"
EndProject
Project("{FAE04EC0-301F-11D3-BF4B-00C04F79EFBC}") = "UtilityLibrary", "..\CommonLibrarys\UtilityLibrary\UtilityLibrary.csproj", "{43004EBA-A955-4211-B1F7-5D519F1212C2}"
EndProject
Project("{FAE04EC0-301F-11D3-BF4B-00C04F79EFBC}") = "XmlDataPropertyLibrary", "..\CommonLibrarys\XmlDataPropertyLibrary\XmlDataPropertyLibrary.csproj", "{4B80D34A-5086-4555-BE3A-1280C44398D2}"
EndProject
Project("{FAE04EC0-301F-11D3-BF4B-00C04F79EFBC}") = "ModelLibrary", "..\CommonLibrarys\ModelLibrary\ModelLibrary.csproj", "{EA52600B-973E-48C6-9FE3-43DB80F4F63D}"
EndProject
Project("{FAE04EC0-301F-11D3-BF4B-00C04F79EFBC}") = "GameObjectLib", "..\GameObjectLib\GameObjectLib.csproj", "{F1D31DC0-9BFF-4AEF-85B0-16A930BE3D19}"
EndProject
Project("{FAE04EC0-301F-11D3-BF4B-00C04F79EFBC}") = "NetPacketLib", "..\NetPacketLib\NetPacketLib.csproj", "{C019327B-0448-40F0-8DB8-6CD9EE8554F6}"
EndProject
Project("{FAE04EC0-301F-11D3-BF4B-00C04F79EFBC}") = "ProtocolObjectParserLib", "..\ProtocolMethodsMaker\ProtocolObjectParserLib\ProtocolObjectParserLib.csproj", "{CC37A37D-26CB-48A2-A96D-83526242FBA9}"
EndProject
Project("{FAE04EC0-301F-11D3-BF4B-00C04F79EFBC}") = "ProtocolOperationLib", "..\ProtocolMethodsMaker\ProtocolOperationLib\ProtocolOperationLib.csproj", "{6A698C7C-EE1D-420E-AC65-EE5D4C699A86}"
EndProject
Project("{2150E333-8FDC-42A3-9474-1A3956D46DE8}") = "ProtocolParserLib", "ProtocolParserLib", "{719F6738-C723-44E0-98CA-06FC9A705B31}"
EndProject
Project("{FAE04EC0-301F-11D3-BF4B-00C04F79EFBC}") = "TimeLibrary", "..\CommonLibrarys\TimeLibrary\TimeLibrary.csproj", "{BABF6676-7139-467E-A2CB-2115D48F910A}"
EndProject
Project("{FAE04EC0-301F-11D3-BF4B-00C04F79EFBC}") = "CryptoUtility", "..\CommonLibrarys\CryptoUtility\CryptoUtility.csproj", "{320A44A4-CE5A-40CB-B3BD-54CFA954280A}"
EndProject
Project("{FAE04EC0-301F-11D3-BF4B-00C04F79EFBC}") = "ProtocolObjectLib", "..\ProtocolMethodsMaker\bin\Code\ProtocolObjectLib\ProtocolObjectLib.csproj", "{E549F63F-393C-421A-A6A1-0F6E19545D61}"
EndProject
Project("{FAE04EC0-301F-11D3-BF4B-00C04F79EFBC}") = "ProtocolCatchMsgLogLib", "..\ProtocolMethodsMaker\ProtocolCatchMsgLogLib\ProtocolCatchMsgLogLib.csproj", "{F5BE3261-259D-44FE-8E1C-A279D9B5F7E7}"
EndProject
Project("{FAE04EC0-301F-11D3-BF4B-00C04F79EFBC}") = "Logger", "..\..\Common\Logger\Logger.csproj", "{4A3F1BDC-5897-4A06-A348-84587BD74A3E}"
EndProject
Project("{FAE04EC0-301F-11D3-BF4B-00C04F79EFBC}") = "PressureTestToolMaster", "PressureTestToolMaster\PressureTestToolMaster.csproj", "{22B3D0B9-0F53-4357-B7E5-0D02B47867FD}"
EndProject
Global
	GlobalSection(SolutionConfigurationPlatforms) = preSolution
		Debug|Any CPU = Debug|Any CPU
		Release|Any CPU = Release|Any CPU
		x64|Any CPU = x64|Any CPU
	EndGlobalSection
	GlobalSection(ProjectConfigurationPlatforms) = postSolution
		{7F584428-93D1-4B8A-B451-3B7E70915238}.Debug|Any CPU.ActiveCfg = Debug|Any CPU
		{7F584428-93D1-4B8A-B451-3B7E70915238}.Debug|Any CPU.Build.0 = Debug|Any CPU
		{7F584428-93D1-4B8A-B451-3B7E70915238}.Release|Any CPU.ActiveCfg = Release|Any CPU
		{7F584428-93D1-4B8A-B451-3B7E70915238}.Release|Any CPU.Build.0 = Release|Any CPU
		{7F584428-93D1-4B8A-B451-3B7E70915238}.x64|Any CPU.ActiveCfg = Release|Any CPU
		{7F584428-93D1-4B8A-B451-3B7E70915238}.x64|Any CPU.Build.0 = Release|Any CPU
		{76D160F7-5627-40E7-8471-4D91F4CA6292}.Debug|Any CPU.ActiveCfg = Debug|Any CPU
		{76D160F7-5627-40E7-8471-4D91F4CA6292}.Debug|Any CPU.Build.0 = Debug|Any CPU
		{76D160F7-5627-40E7-8471-4D91F4CA6292}.Release|Any CPU.ActiveCfg = Release|Any CPU
		{76D160F7-5627-40E7-8471-4D91F4CA6292}.Release|Any CPU.Build.0 = Release|Any CPU
		{76D160F7-5627-40E7-8471-4D91F4CA6292}.x64|Any CPU.ActiveCfg = Release|Any CPU
		{76D160F7-5627-40E7-8471-4D91F4CA6292}.x64|Any CPU.Build.0 = Release|Any CPU
		{974A81C1-AB2A-4AED-96C4-FF6559E68BB4}.Debug|Any CPU.ActiveCfg = Debug|Any CPU
		{974A81C1-AB2A-4AED-96C4-FF6559E68BB4}.Debug|Any CPU.Build.0 = Debug|Any CPU
		{974A81C1-AB2A-4AED-96C4-FF6559E68BB4}.Release|Any CPU.ActiveCfg = Release|Any CPU
		{974A81C1-AB2A-4AED-96C4-FF6559E68BB4}.Release|Any CPU.Build.0 = Release|Any CPU
		{974A81C1-AB2A-4AED-96C4-FF6559E68BB4}.x64|Any CPU.ActiveCfg = Release|Any CPU
		{974A81C1-AB2A-4AED-96C4-FF6559E68BB4}.x64|Any CPU.Build.0 = Release|Any CPU
		{43004EBA-A955-4211-B1F7-5D519F1212C2}.Debug|Any CPU.ActiveCfg = Debug|Any CPU
		{43004EBA-A955-4211-B1F7-5D519F1212C2}.Debug|Any CPU.Build.0 = Debug|Any CPU
		{43004EBA-A955-4211-B1F7-5D519F1212C2}.Release|Any CPU.ActiveCfg = Release|Any CPU
		{43004EBA-A955-4211-B1F7-5D519F1212C2}.Release|Any CPU.Build.0 = Release|Any CPU
		{43004EBA-A955-4211-B1F7-5D519F1212C2}.x64|Any CPU.ActiveCfg = Release|Any CPU
		{43004EBA-A955-4211-B1F7-5D519F1212C2}.x64|Any CPU.Build.0 = Release|Any CPU
		{4B80D34A-5086-4555-BE3A-1280C44398D2}.Debug|Any CPU.ActiveCfg = Debug|Any CPU
		{4B80D34A-5086-4555-BE3A-1280C44398D2}.Debug|Any CPU.Build.0 = Debug|Any CPU
		{4B80D34A-5086-4555-BE3A-1280C44398D2}.Release|Any CPU.ActiveCfg = Release|Any CPU
		{4B80D34A-5086-4555-BE3A-1280C44398D2}.Release|Any CPU.Build.0 = Release|Any CPU
		{4B80D34A-5086-4555-BE3A-1280C44398D2}.x64|Any CPU.ActiveCfg = Release|Any CPU
		{4B80D34A-5086-4555-BE3A-1280C44398D2}.x64|Any CPU.Build.0 = Release|Any CPU
		{EA52600B-973E-48C6-9FE3-43DB80F4F63D}.Debug|Any CPU.ActiveCfg = Debug|Any CPU
		{EA52600B-973E-48C6-9FE3-43DB80F4F63D}.Debug|Any CPU.Build.0 = Debug|Any CPU
		{EA52600B-973E-48C6-9FE3-43DB80F4F63D}.Release|Any CPU.ActiveCfg = Release|Any CPU
		{EA52600B-973E-48C6-9FE3-43DB80F4F63D}.Release|Any CPU.Build.0 = Release|Any CPU
		{EA52600B-973E-48C6-9FE3-43DB80F4F63D}.x64|Any CPU.ActiveCfg = Release|Any CPU
		{EA52600B-973E-48C6-9FE3-43DB80F4F63D}.x64|Any CPU.Build.0 = Release|Any CPU
		{F1D31DC0-9BFF-4AEF-85B0-16A930BE3D19}.Debug|Any CPU.ActiveCfg = Debug|Any CPU
		{F1D31DC0-9BFF-4AEF-85B0-16A930BE3D19}.Debug|Any CPU.Build.0 = Debug|Any CPU
		{F1D31DC0-9BFF-4AEF-85B0-16A930BE3D19}.Release|Any CPU.ActiveCfg = Release|Any CPU
		{F1D31DC0-9BFF-4AEF-85B0-16A930BE3D19}.Release|Any CPU.Build.0 = Release|Any CPU
		{F1D31DC0-9BFF-4AEF-85B0-16A930BE3D19}.x64|Any CPU.ActiveCfg = Release|Any CPU
		{F1D31DC0-9BFF-4AEF-85B0-16A930BE3D19}.x64|Any CPU.Build.0 = Release|Any CPU
		{C019327B-0448-40F0-8DB8-6CD9EE8554F6}.Debug|Any CPU.ActiveCfg = Debug|Any CPU
		{C019327B-0448-40F0-8DB8-6CD9EE8554F6}.Debug|Any CPU.Build.0 = Debug|Any CPU
		{C019327B-0448-40F0-8DB8-6CD9EE8554F6}.Release|Any CPU.ActiveCfg = Release|Any CPU
		{C019327B-0448-40F0-8DB8-6CD9EE8554F6}.Release|Any CPU.Build.0 = Release|Any CPU
		{C019327B-0448-40F0-8DB8-6CD9EE8554F6}.x64|Any CPU.ActiveCfg = Release|Any CPU
		{C019327B-0448-40F0-8DB8-6CD9EE8554F6}.x64|Any CPU.Build.0 = Release|Any CPU
		{CC37A37D-26CB-48A2-A96D-83526242FBA9}.Debug|Any CPU.ActiveCfg = Debug|Any CPU
		{CC37A37D-26CB-48A2-A96D-83526242FBA9}.Debug|Any CPU.Build.0 = Debug|Any CPU
		{CC37A37D-26CB-48A2-A96D-83526242FBA9}.Release|Any CPU.ActiveCfg = Release|Any CPU
		{CC37A37D-26CB-48A2-A96D-83526242FBA9}.Release|Any CPU.Build.0 = Release|Any CPU
		{CC37A37D-26CB-48A2-A96D-83526242FBA9}.x64|Any CPU.ActiveCfg = Release|Any CPU
		{CC37A37D-26CB-48A2-A96D-83526242FBA9}.x64|Any CPU.Build.0 = Release|Any CPU
		{6A698C7C-EE1D-420E-AC65-EE5D4C699A86}.Debug|Any CPU.ActiveCfg = Debug|Any CPU
		{6A698C7C-EE1D-420E-AC65-EE5D4C699A86}.Debug|Any CPU.Build.0 = Debug|Any CPU
		{6A698C7C-EE1D-420E-AC65-EE5D4C699A86}.Release|Any CPU.ActiveCfg = Release|Any CPU
		{6A698C7C-EE1D-420E-AC65-EE5D4C699A86}.Release|Any CPU.Build.0 = Release|Any CPU
		{6A698C7C-EE1D-420E-AC65-EE5D4C699A86}.x64|Any CPU.ActiveCfg = Release|Any CPU
		{6A698C7C-EE1D-420E-AC65-EE5D4C699A86}.x64|Any CPU.Build.0 = Release|Any CPU
		{BABF6676-7139-467E-A2CB-2115D48F910A}.Debug|Any CPU.ActiveCfg = Debug|Any CPU
		{BABF6676-7139-467E-A2CB-2115D48F910A}.Debug|Any CPU.Build.0 = Debug|Any CPU
		{BABF6676-7139-467E-A2CB-2115D48F910A}.Release|Any CPU.ActiveCfg = Release|Any CPU
		{BABF6676-7139-467E-A2CB-2115D48F910A}.Release|Any CPU.Build.0 = Release|Any CPU
		{BABF6676-7139-467E-A2CB-2115D48F910A}.x64|Any CPU.ActiveCfg = Release|Any CPU
		{BABF6676-7139-467E-A2CB-2115D48F910A}.x64|Any CPU.Build.0 = Release|Any CPU
		{320A44A4-CE5A-40CB-B3BD-54CFA954280A}.Debug|Any CPU.ActiveCfg = Debug|Any CPU
		{320A44A4-CE5A-40CB-B3BD-54CFA954280A}.Debug|Any CPU.Build.0 = Debug|Any CPU
		{320A44A4-CE5A-40CB-B3BD-54CFA954280A}.Release|Any CPU.ActiveCfg = Release|Any CPU
		{320A44A4-CE5A-40CB-B3BD-54CFA954280A}.Release|Any CPU.Build.0 = Release|Any CPU
		{320A44A4-CE5A-40CB-B3BD-54CFA954280A}.x64|Any CPU.ActiveCfg = x64|Any CPU
		{320A44A4-CE5A-40CB-B3BD-54CFA954280A}.x64|Any CPU.Build.0 = x64|Any CPU
		{E549F63F-393C-421A-A6A1-0F6E19545D61}.Debug|Any CPU.ActiveCfg = Debug|Any CPU
		{E549F63F-393C-421A-A6A1-0F6E19545D61}.Debug|Any CPU.Build.0 = Debug|Any CPU
		{E549F63F-393C-421A-A6A1-0F6E19545D61}.Release|Any CPU.ActiveCfg = Release|Any CPU
		{E549F63F-393C-421A-A6A1-0F6E19545D61}.Release|Any CPU.Build.0 = Release|Any CPU
		{E549F63F-393C-421A-A6A1-0F6E19545D61}.x64|Any CPU.ActiveCfg = Release|Any CPU
		{E549F63F-393C-421A-A6A1-0F6E19545D61}.x64|Any CPU.Build.0 = Release|Any CPU
		{F5BE3261-259D-44FE-8E1C-A279D9B5F7E7}.Debug|Any CPU.ActiveCfg = Debug|Any CPU
		{F5BE3261-259D-44FE-8E1C-A279D9B5F7E7}.Debug|Any CPU.Build.0 = Debug|Any CPU
		{F5BE3261-259D-44FE-8E1C-A279D9B5F7E7}.Release|Any CPU.ActiveCfg = Release|Any CPU
		{F5BE3261-259D-44FE-8E1C-A279D9B5F7E7}.Release|Any CPU.Build.0 = Release|Any CPU
		{F5BE3261-259D-44FE-8E1C-A279D9B5F7E7}.x64|Any CPU.ActiveCfg = Release|Any CPU
		{F5BE3261-259D-44FE-8E1C-A279D9B5F7E7}.x64|Any CPU.Build.0 = Release|Any CPU
		{4A3F1BDC-5897-4A06-A348-84587BD74A3E}.Debug|Any CPU.ActiveCfg = Debug|Any CPU
		{4A3F1BDC-5897-4A06-A348-84587BD74A3E}.Debug|Any CPU.Build.0 = Debug|Any CPU
		{4A3F1BDC-5897-4A06-A348-84587BD74A3E}.Release|Any CPU.ActiveCfg = Release|Any CPU
		{4A3F1BDC-5897-4A06-A348-84587BD74A3E}.Release|Any CPU.Build.0 = Release|Any CPU
		{4A3F1BDC-5897-4A06-A348-84587BD74A3E}.x64|Any CPU.ActiveCfg = x64|Any CPU
		{4A3F1BDC-5897-4A06-A348-84587BD74A3E}.x64|Any CPU.Build.0 = x64|Any CPU
		{22B3D0B9-0F53-4357-B7E5-0D02B47867FD}.Debug|Any CPU.ActiveCfg = Debug|Any CPU
		{22B3D0B9-0F53-4357-B7E5-0D02B47867FD}.Debug|Any CPU.Build.0 = Debug|Any CPU
		{22B3D0B9-0F53-4357-B7E5-0D02B47867FD}.Release|Any CPU.ActiveCfg = Release|Any CPU
		{22B3D0B9-0F53-4357-B7E5-0D02B47867FD}.Release|Any CPU.Build.0 = Release|Any CPU
		{22B3D0B9-0F53-4357-B7E5-0D02B47867FD}.x64|Any CPU.ActiveCfg = Release|Any CPU
		{22B3D0B9-0F53-4357-B7E5-0D02B47867FD}.x64|Any CPU.Build.0 = Release|Any CPU
	EndGlobalSection
	GlobalSection(SolutionProperties) = preSolution
		HideSolutionNode = FALSE
	EndGlobalSection
	GlobalSection(NestedProjects) = preSolution
		{974A81C1-AB2A-4AED-96C4-FF6559E68BB4} = {5BDEC9EF-18EE-49CE-8C85-7C385F9C499E}
		{43004EBA-A955-4211-B1F7-5D519F1212C2} = {5BDEC9EF-18EE-49CE-8C85-7C385F9C499E}
		{4B80D34A-5086-4555-BE3A-1280C44398D2} = {5BDEC9EF-18EE-49CE-8C85-7C385F9C499E}
		{EA52600B-973E-48C6-9FE3-43DB80F4F63D} = {5BDEC9EF-18EE-49CE-8C85-7C385F9C499E}
		{CC37A37D-26CB-48A2-A96D-83526242FBA9} = {719F6738-C723-44E0-98CA-06FC9A705B31}
		{6A698C7C-EE1D-420E-AC65-EE5D4C699A86} = {719F6738-C723-44E0-98CA-06FC9A705B31}
		{BABF6676-7139-467E-A2CB-2115D48F910A} = {5BDEC9EF-18EE-49CE-8C85-7C385F9C499E}
		{320A44A4-CE5A-40CB-B3BD-54CFA954280A} = {5BDEC9EF-18EE-49CE-8C85-7C385F9C499E}
		{E549F63F-393C-421A-A6A1-0F6E19545D61} = {719F6738-C723-44E0-98CA-06FC9A705B31}
		{F5BE3261-259D-44FE-8E1C-A279D9B5F7E7} = {719F6738-C723-44E0-98CA-06FC9A705B31}
		{4A3F1BDC-5897-4A06-A348-84587BD74A3E} = {5BDEC9EF-18EE-49CE-8C85-7C385F9C499E}
	EndGlobalSection
EndGlobal
